
Microsoft Visual Studio Solution File, Format Version 12.00
# Visual Studio Version 16
Project("{8BC9CEB8-8B4A-11D0-8D11-00A0C91BC942}") = "ALL_BUILD", "ALL_BUILD.vcxproj", "{E5CA5571-4B1E-3A06-94F6-975F264BC5CD}"
	ProjectSection(ProjectDependencies) = postProject
		{2840B65E-B275-3F61-B743-504E9EB1376C} = {2840B65E-B275-3F61-B743-504E9EB1376C}
		{531F7243-E429-3D93-BB15-EAE7330FB723} = {531F7243-E429-3D93-BB15-EAE7330FB723}
		{EA5B62E2-7980-35A4-B8DF-181B91034C26} = {EA5B62E2-7980-35A4-B8DF-181B91034C26}
		{FFD89ECB-7027-3044-89CE-9B837493A639} = {FFD89ECB-7027-3044-89CE-9B837493A639}
		{FD0B3858-9B51-3979-AD85-1523571808C0} = {FD0B3858-9B51-3979-AD85-1523571808C0}
	EndProjectSection
EndProject
Project("{8BC9CEB8-8B4A-11D0-8D11-00A0C91BC942}") = "INSTALL", "INSTALL.vcxproj", "{72B74AA8-3739-373E-8484-6033239D2074}"
	ProjectSection(ProjectDependencies) = postProject
		{E5CA5571-4B1E-3A06-94F6-975F264BC5CD} = {E5CA5571-4B1E-3A06-94F6-975F264BC5CD}
		{2840B65E-B275-3F61-B743-504E9EB1376C} = {2840B65E-B275-3F61-B743-504E9EB1376C}
	EndProjectSection
EndProject
Project("{8BC9CEB8-8B4A-11D0-8D11-00A0C91BC942}") = "PACKAGE", "PACKAGE.vcxproj", "{0F27D4BB-014C-34DF-A2AA-B004E58247FC}"
	ProjectSection(ProjectDependencies) = postProject
		{E5CA5571-4B1E-3A06-94F6-975F264BC5CD} = {E5CA5571-4B1E-3A06-94F6-975F264BC5CD}
		{2840B65E-B275-3F61-B743-504E9EB1376C} = {2840B65E-B275-3F61-B743-504E9EB1376C}
	EndProjectSection
EndProject
Project("{8BC9CEB8-8B4A-11D0-8D11-00A0C91BC942}") = "ZERO_CHECK", "ZERO_CHECK.vcxproj", "{2840B65E-B275-3F61-B743-504E9EB1376C}"
	ProjectSection(ProjectDependencies) = postProject
	EndProjectSection
EndProject
Project("{8BC9CEB8-8B4A-11D0-8D11-00A0C91BC942}") = "runswmm", "src\run\runswmm.vcxproj", "{531F7243-E429-3D93-BB15-EAE7330FB723}"
	ProjectSection(ProjectDependencies) = postProject
		{2840B65E-B275-3F61-B743-504E9EB1376C} = {2840B65E-B275-3F61-B743-504E9EB1376C}
		{FD0B3858-9B51-3979-AD85-1523571808C0} = {FD0B3858-9B51-3979-AD85-1523571808C0}
	EndProjectSection
EndProject
Project("{8BC9CEB8-8B4A-11D0-8D11-00A0C91BC942}") = "shared_objs", "src\shared\shared_objs.vcxproj", "{EA5B62E2-7980-35A4-B8DF-181B91034C26}"
	ProjectSection(ProjectDependencies) = postProject
		{2840B65E-B275-3F61-B743-504E9EB1376C} = {2840B65E-B275-3F61-B743-504E9EB1376C}
	EndProjectSection
EndProject
Project("{8BC9CEB8-8B4A-11D0-8D11-00A0C91BC942}") = "swmm-output", "src\outfile\swmm-output.vcxproj", "{FFD89ECB-7027-3044-89CE-9B837493A639}"
	ProjectSection(ProjectDependencies) = postProject
		{2840B65E-B275-3F61-B743-504E9EB1376C} = {2840B65E-B275-3F61-B743-504E9EB1376C}
	EndProjectSection
EndProject
Project("{8BC9CEB8-8B4A-11D0-8D11-00A0C91BC942}") = "swmm5", "src\solver\swmm5.vcxproj", "{FD0B3858-9B51-3979-AD85-1523571808C0}"
	ProjectSection(ProjectDependencies) = postProject
		{2840B65E-B275-3F61-B743-504E9EB1376C} = {2840B65E-B275-3F61-B743-504E9EB1376C}
		{EA5B62E2-7980-35A4-B8DF-181B91034C26} = {EA5B62E2-7980-35A4-B8DF-181B91034C26}
	EndProjectSection
EndProject
Global
	GlobalSection(SolutionConfigurationPlatforms) = preSolution
		Debug|x64 = Debug|x64
		Release|x64 = Release|x64
		MinSizeRel|x64 = MinSizeRel|x64
		RelWithDebInfo|x64 = RelWithDebInfo|x64
	EndGlobalSection
	GlobalSection(ProjectConfigurationPlatforms) = postSolution
		{E5CA5571-4B1E-3A06-94F6-975F264BC5CD}.Debug|x64.ActiveCfg = Debug|x64
		{E5CA5571-4B1E-3A06-94F6-975F264BC5CD}.Debug|x64.Build.0 = Debug|x64
		{E5CA5571-4B1E-3A06-94F6-975F264BC5CD}.Release|x64.ActiveCfg = Release|x64
		{E5CA5571-4B1E-3A06-94F6-975F264BC5CD}.Release|x64.Build.0 = Release|x64
		{E5CA5571-4B1E-3A06-94F6-975F264BC5CD}.MinSizeRel|x64.ActiveCfg = MinSizeRel|x64
		{E5CA5571-4B1E-3A06-94F6-975F264BC5CD}.MinSizeRel|x64.Build.0 = MinSizeRel|x64
		{E5CA5571-4B1E-3A06-94F6-975F264BC5CD}.RelWithDebInfo|x64.ActiveCfg = RelWithDebInfo|x64
		{E5CA5571-4B1E-3A06-94F6-975F264BC5CD}.RelWithDebInfo|x64.Build.0 = RelWithDebInfo|x64
		{72B74AA8-3739-373E-8484-6033239D2074}.Debug|x64.ActiveCfg = Debug|x64
		{72B74AA8-3739-373E-8484-6033239D2074}.Release|x64.ActiveCfg = Release|x64
		{72B74AA8-3739-373E-8484-6033239D2074}.MinSizeRel|x64.ActiveCfg = MinSizeRel|x64
		{72B74AA8-3739-373E-8484-6033239D2074}.RelWithDebInfo|x64.ActiveCfg = RelWithDebInfo|x64
		{0F27D4BB-014C-34DF-A2AA-B004E58247FC}.Debug|x64.ActiveCfg = Debug|x64
		{0F27D4BB-014C-34DF-A2AA-B004E58247FC}.Release|x64.ActiveCfg = Release|x64
		{0F27D4BB-014C-34DF-A2AA-B004E58247FC}.MinSizeRel|x64.ActiveCfg = MinSizeRel|x64
		{0F27D4BB-014C-34DF-A2AA-B004E58247FC}.RelWithDebInfo|x64.ActiveCfg = RelWithDebInfo|x64
		{2840B65E-B275-3F61-B743-504E9EB1376C}.Debug|x64.ActiveCfg = Debug|x64
		{2840B65E-B275-3F61-B743-504E9EB1376C}.Debug|x64.Build.0 = Debug|x64
		{2840B65E-B275-3F61-B743-504E9EB1376C}.Release|x64.ActiveCfg = Release|x64
		{2840B65E-B275-3F61-B743-504E9EB1376C}.Release|x64.Build.0 = Release|x64
		{2840B65E-B275-3F61-B743-504E9EB1376C}.MinSizeRel|x64.ActiveCfg = MinSizeRel|x64
		{2840B65E-B275-3F61-B743-504E9EB1376C}.MinSizeRel|x64.Build.0 = MinSizeRel|x64
		{2840B65E-B275-3F61-B743-504E9EB1376C}.RelWithDebInfo|x64.ActiveCfg = RelWithDebInfo|x64
		{2840B65E-B275-3F61-B743-504E9EB1376C}.RelWithDebInfo|x64.Build.0 = RelWithDebInfo|x64
		{531F7243-E429-3D93-BB15-EAE7330FB723}.Debug|x64.ActiveCfg = Debug|x64
		{531F7243-E429-3D93-BB15-EAE7330FB723}.Debug|x64.Build.0 = Debug|x64
		{531F7243-E429-3D93-BB15-EAE7330FB723}.Release|x64.ActiveCfg = Release|x64
		{531F7243-E429-3D93-BB15-EAE7330FB723}.Release|x64.Build.0 = Release|x64
		{531F7243-E429-3D93-BB15-EAE7330FB723}.MinSizeRel|x64.ActiveCfg = MinSizeRel|x64
		{531F7243-E429-3D93-BB15-EAE7330FB723}.MinSizeRel|x64.Build.0 = MinSizeRel|x64
		{531F7243-E429-3D93-BB15-EAE7330FB723}.RelWithDebInfo|x64.ActiveCfg = RelWithDebInfo|x64
		{531F7243-E429-3D93-BB15-EAE7330FB723}.RelWithDebInfo|x64.Build.0 = RelWithDebInfo|x64
		{EA5B62E2-7980-35A4-B8DF-181B91034C26}.Debug|x64.ActiveCfg = Debug|x64
		{EA5B62E2-7980-35A4-B8DF-181B91034C26}.Debug|x64.Build.0 = Debug|x64
		{EA5B62E2-7980-35A4-B8DF-181B91034C26}.Release|x64.ActiveCfg = Release|x64
		{EA5B62E2-7980-35A4-B8DF-181B91034C26}.Release|x64.Build.0 = Release|x64
		{EA5B62E2-7980-35A4-B8DF-181B91034C26}.MinSizeRel|x64.ActiveCfg = MinSizeRel|x64
		{EA5B62E2-7980-35A4-B8DF-181B91034C26}.MinSizeRel|x64.Build.0 = MinSizeRel|x64
		{EA5B62E2-7980-35A4-B8DF-181B91034C26}.RelWithDebInfo|x64.ActiveCfg = RelWithDebInfo|x64
		{EA5B62E2-7980-35A4-B8DF-181B91034C26}.RelWithDebInfo|x64.Build.0 = RelWithDebInfo|x64
		{FFD89ECB-7027-3044-89CE-9B837493A639}.Debug|x64.ActiveCfg = Debug|x64
		{FFD89ECB-7027-3044-89CE-9B837493A639}.Debug|x64.Build.0 = Debug|x64
		{FFD89ECB-7027-3044-89CE-9B837493A639}.Release|x64.ActiveCfg = Release|x64
		{FFD89ECB-7027-3044-89CE-9B837493A639}.Release|x64.Build.0 = Release|x64
		{FFD89ECB-7027-3044-89CE-9B837493A639}.MinSizeRel|x64.ActiveCfg = MinSizeRel|x64
		{FFD89ECB-7027-3044-89CE-9B837493A639}.MinSizeRel|x64.Build.0 = MinSizeRel|x64
		{FFD89ECB-7027-3044-89CE-9B837493A639}.RelWithDebInfo|x64.ActiveCfg = RelWithDebInfo|x64
		{FFD89ECB-7027-3044-89CE-9B837493A639}.RelWithDebInfo|x64.Build.0 = RelWithDebInfo|x64
		{FD0B3858-9B51-3979-AD85-1523571808C0}.Debug|x64.ActiveCfg = Debug|x64
		{FD0B3858-9B51-3979-AD85-1523571808C0}.Debug|x64.Build.0 = Debug|x64
		{FD0B3858-9B51-3979-AD85-1523571808C0}.Release|x64.ActiveCfg = Release|x64
		{FD0B3858-9B51-3979-AD85-1523571808C0}.Release|x64.Build.0 = Release|x64
		{FD0B3858-9B51-3979-AD85-1523571808C0}.MinSizeRel|x64.ActiveCfg = MinSizeRel|x64
		{FD0B3858-9B51-3979-AD85-1523571808C0}.MinSizeRel|x64.Build.0 = MinSizeRel|x64
		{FD0B3858-9B51-3979-AD85-1523571808C0}.RelWithDebInfo|x64.ActiveCfg = RelWithDebInfo|x64
		{FD0B3858-9B51-3979-AD85-1523571808C0}.RelWithDebInfo|x64.Build.0 = RelWithDebInfo|x64
	EndGlobalSection
	GlobalSection(ExtensibilityGlobals) = postSolution
		SolutionGuid = {E646EDE4-9709-3A52-8920-4151D817F5E7}
	EndGlobalSection
	GlobalSection(ExtensibilityAddIns) = postSolution
	EndGlobalSection
EndGlobal
