<?xml version="1.0" encoding="utf-8"?>
<Project ToolsVersion="16.0" xmlns="http://schemas.microsoft.com/developer/msbuild/2003">
  <ItemGroup>
    <CustomBuild Include="C:\Users\issac\source\repos\OWA\Stormwater-Management-Model\buildprod\CMakeFiles\1431cba46e99b9c7eb33127701cf51df\PACKAGE_force.rule">
      <Filter>CMake Rules</Filter>
    </CustomBuild>
  </ItemGroup>
  <ItemGroup>
    <Filter Include="CMake Rules">
      <UniqueIdentifier>{0F4DFDC8-CDBC-3FCB-B876-235DB8A1380D}</UniqueIdentifier>
    </Filter>
  </ItemGroup>
</Project>
