<?xml version="1.0" encoding="utf-8"?>
<Project ToolsVersion="16.0" xmlns="http://schemas.microsoft.com/developer/msbuild/2003">
  <ItemGroup>
    <ClCompile Include="C:\Users\issac\source\repos\OWA\Stormwater-Management-Model\src\solver\climate.c">
      <Filter>Source Files</Filter>
    </ClCompile>
    <ClCompile Include="C:\Users\issac\source\repos\OWA\Stormwater-Management-Model\src\solver\controls.c">
      <Filter>Source Files</Filter>
    </ClCompile>
    <ClCompile Include="C:\Users\issac\source\repos\OWA\Stormwater-Management-Model\src\solver\culvert.c">
      <Filter>Source Files</Filter>
    </ClCompile>
    <ClCompile Include="C:\Users\issac\source\repos\OWA\Stormwater-Management-Model\src\solver\datetime.c">
      <Filter>Source Files</Filter>
    </ClCompile>
    <ClCompile Include="C:\Users\issac\source\repos\OWA\Stormwater-Management-Model\src\solver\dwflow.c">
      <Filter>Source Files</Filter>
    </ClCompile>
    <ClCompile Include="C:\Users\issac\source\repos\OWA\Stormwater-Management-Model\src\solver\dynwave.c">
      <Filter>Source Files</Filter>
    </ClCompile>
    <ClCompile Include="C:\Users\issac\source\repos\OWA\Stormwater-Management-Model\src\solver\error.c">
      <Filter>Source Files</Filter>
    </ClCompile>
    <ClCompile Include="C:\Users\issac\source\repos\OWA\Stormwater-Management-Model\src\solver\exfil.c">
      <Filter>Source Files</Filter>
    </ClCompile>
    <ClCompile Include="C:\Users\issac\source\repos\OWA\Stormwater-Management-Model\src\solver\findroot.c">
      <Filter>Source Files</Filter>
    </ClCompile>
    <ClCompile Include="C:\Users\issac\source\repos\OWA\Stormwater-Management-Model\src\solver\flowrout.c">
      <Filter>Source Files</Filter>
    </ClCompile>
    <ClCompile Include="C:\Users\issac\source\repos\OWA\Stormwater-Management-Model\src\solver\forcmain.c">
      <Filter>Source Files</Filter>
    </ClCompile>
    <ClCompile Include="C:\Users\issac\source\repos\OWA\Stormwater-Management-Model\src\solver\gage.c">
      <Filter>Source Files</Filter>
    </ClCompile>
    <ClCompile Include="C:\Users\issac\source\repos\OWA\Stormwater-Management-Model\src\solver\gwater.c">
      <Filter>Source Files</Filter>
    </ClCompile>
    <ClCompile Include="C:\Users\issac\source\repos\OWA\Stormwater-Management-Model\src\solver\hash.c">
      <Filter>Source Files</Filter>
    </ClCompile>
    <ClCompile Include="C:\Users\issac\source\repos\OWA\Stormwater-Management-Model\src\solver\hotstart.c">
      <Filter>Source Files</Filter>
    </ClCompile>
    <ClCompile Include="C:\Users\issac\source\repos\OWA\Stormwater-Management-Model\src\solver\iface.c">
      <Filter>Source Files</Filter>
    </ClCompile>
    <ClCompile Include="C:\Users\issac\source\repos\OWA\Stormwater-Management-Model\src\solver\infil.c">
      <Filter>Source Files</Filter>
    </ClCompile>
    <ClCompile Include="C:\Users\issac\source\repos\OWA\Stormwater-Management-Model\src\solver\inflow.c">
      <Filter>Source Files</Filter>
    </ClCompile>
    <ClCompile Include="C:\Users\issac\source\repos\OWA\Stormwater-Management-Model\src\solver\input.c">
      <Filter>Source Files</Filter>
    </ClCompile>
    <ClCompile Include="C:\Users\issac\source\repos\OWA\Stormwater-Management-Model\src\solver\inputrpt.c">
      <Filter>Source Files</Filter>
    </ClCompile>
    <ClCompile Include="C:\Users\issac\source\repos\OWA\Stormwater-Management-Model\src\solver\keywords.c">
      <Filter>Source Files</Filter>
    </ClCompile>
    <ClCompile Include="C:\Users\issac\source\repos\OWA\Stormwater-Management-Model\src\solver\kinwave.c">
      <Filter>Source Files</Filter>
    </ClCompile>
    <ClCompile Include="C:\Users\issac\source\repos\OWA\Stormwater-Management-Model\src\solver\landuse.c">
      <Filter>Source Files</Filter>
    </ClCompile>
    <ClCompile Include="C:\Users\issac\source\repos\OWA\Stormwater-Management-Model\src\solver\lid.c">
      <Filter>Source Files</Filter>
    </ClCompile>
    <ClCompile Include="C:\Users\issac\source\repos\OWA\Stormwater-Management-Model\src\solver\lidproc.c">
      <Filter>Source Files</Filter>
    </ClCompile>
    <ClCompile Include="C:\Users\issac\source\repos\OWA\Stormwater-Management-Model\src\solver\link.c">
      <Filter>Source Files</Filter>
    </ClCompile>
    <ClCompile Include="C:\Users\issac\source\repos\OWA\Stormwater-Management-Model\src\solver\massbal.c">
      <Filter>Source Files</Filter>
    </ClCompile>
    <ClCompile Include="C:\Users\issac\source\repos\OWA\Stormwater-Management-Model\src\solver\mathexpr.c">
      <Filter>Source Files</Filter>
    </ClCompile>
    <ClCompile Include="C:\Users\issac\source\repos\OWA\Stormwater-Management-Model\src\solver\mempool.c">
      <Filter>Source Files</Filter>
    </ClCompile>
    <ClCompile Include="C:\Users\issac\source\repos\OWA\Stormwater-Management-Model\src\solver\node.c">
      <Filter>Source Files</Filter>
    </ClCompile>
    <ClCompile Include="C:\Users\issac\source\repos\OWA\Stormwater-Management-Model\src\solver\odesolve.c">
      <Filter>Source Files</Filter>
    </ClCompile>
    <ClCompile Include="C:\Users\issac\source\repos\OWA\Stormwater-Management-Model\src\solver\output.c">
      <Filter>Source Files</Filter>
    </ClCompile>
    <ClCompile Include="C:\Users\issac\source\repos\OWA\Stormwater-Management-Model\src\solver\project.c">
      <Filter>Source Files</Filter>
    </ClCompile>
    <ClCompile Include="C:\Users\issac\source\repos\OWA\Stormwater-Management-Model\src\solver\qualrout.c">
      <Filter>Source Files</Filter>
    </ClCompile>
    <ClCompile Include="C:\Users\issac\source\repos\OWA\Stormwater-Management-Model\src\solver\rain.c">
      <Filter>Source Files</Filter>
    </ClCompile>
    <ClCompile Include="C:\Users\issac\source\repos\OWA\Stormwater-Management-Model\src\solver\rdii.c">
      <Filter>Source Files</Filter>
    </ClCompile>
    <ClCompile Include="C:\Users\issac\source\repos\OWA\Stormwater-Management-Model\src\solver\report.c">
      <Filter>Source Files</Filter>
    </ClCompile>
    <ClCompile Include="C:\Users\issac\source\repos\OWA\Stormwater-Management-Model\src\solver\roadway.c">
      <Filter>Source Files</Filter>
    </ClCompile>
    <ClCompile Include="C:\Users\issac\source\repos\OWA\Stormwater-Management-Model\src\solver\routing.c">
      <Filter>Source Files</Filter>
    </ClCompile>
    <ClCompile Include="C:\Users\issac\source\repos\OWA\Stormwater-Management-Model\src\solver\runoff.c">
      <Filter>Source Files</Filter>
    </ClCompile>
    <ClCompile Include="C:\Users\issac\source\repos\OWA\Stormwater-Management-Model\src\solver\shape.c">
      <Filter>Source Files</Filter>
    </ClCompile>
    <ClCompile Include="C:\Users\issac\source\repos\OWA\Stormwater-Management-Model\src\solver\snow.c">
      <Filter>Source Files</Filter>
    </ClCompile>
    <ClCompile Include="C:\Users\issac\source\repos\OWA\Stormwater-Management-Model\src\solver\stats.c">
      <Filter>Source Files</Filter>
    </ClCompile>
    <ClCompile Include="C:\Users\issac\source\repos\OWA\Stormwater-Management-Model\src\solver\statsrpt.c">
      <Filter>Source Files</Filter>
    </ClCompile>
    <ClCompile Include="C:\Users\issac\source\repos\OWA\Stormwater-Management-Model\src\solver\subcatch.c">
      <Filter>Source Files</Filter>
    </ClCompile>
    <ClCompile Include="C:\Users\issac\source\repos\OWA\Stormwater-Management-Model\src\solver\surfqual.c">
      <Filter>Source Files</Filter>
    </ClCompile>
    <ClCompile Include="C:\Users\issac\source\repos\OWA\Stormwater-Management-Model\src\solver\swmm5.c">
      <Filter>Source Files</Filter>
    </ClCompile>
    <ClCompile Include="C:\Users\issac\source\repos\OWA\Stormwater-Management-Model\src\solver\table.c">
      <Filter>Source Files</Filter>
    </ClCompile>
    <ClCompile Include="C:\Users\issac\source\repos\OWA\Stormwater-Management-Model\src\solver\toolkit.c">
      <Filter>Source Files</Filter>
    </ClCompile>
    <ClCompile Include="C:\Users\issac\source\repos\OWA\Stormwater-Management-Model\src\solver\toposort.c">
      <Filter>Source Files</Filter>
    </ClCompile>
    <ClCompile Include="C:\Users\issac\source\repos\OWA\Stormwater-Management-Model\src\solver\transect.c">
      <Filter>Source Files</Filter>
    </ClCompile>
    <ClCompile Include="C:\Users\issac\source\repos\OWA\Stormwater-Management-Model\src\solver\treatmnt.c">
      <Filter>Source Files</Filter>
    </ClCompile>
    <ClCompile Include="C:\Users\issac\source\repos\OWA\Stormwater-Management-Model\src\solver\xsect.c">
      <Filter>Source Files</Filter>
    </ClCompile>
  </ItemGroup>
  <ItemGroup>
    <ClInclude Include="C:\Users\issac\source\repos\OWA\Stormwater-Management-Model\src\solver\consts.h">
      <Filter>Header Files</Filter>
    </ClInclude>
    <ClInclude Include="C:\Users\issac\source\repos\OWA\Stormwater-Management-Model\src\solver\datetime.h">
      <Filter>Header Files</Filter>
    </ClInclude>
    <ClInclude Include="C:\Users\issac\source\repos\OWA\Stormwater-Management-Model\src\solver\enums.h">
      <Filter>Header Files</Filter>
    </ClInclude>
    <ClInclude Include="C:\Users\issac\source\repos\OWA\Stormwater-Management-Model\src\solver\error.h">
      <Filter>Header Files</Filter>
    </ClInclude>
    <ClInclude Include="C:\Users\issac\source\repos\OWA\Stormwater-Management-Model\src\solver\exfil.h">
      <Filter>Header Files</Filter>
    </ClInclude>
    <ClInclude Include="C:\Users\issac\source\repos\OWA\Stormwater-Management-Model\src\solver\findroot.h">
      <Filter>Header Files</Filter>
    </ClInclude>
    <ClInclude Include="C:\Users\issac\source\repos\OWA\Stormwater-Management-Model\src\solver\funcs.h">
      <Filter>Header Files</Filter>
    </ClInclude>
    <ClInclude Include="C:\Users\issac\source\repos\OWA\Stormwater-Management-Model\src\solver\globals.h">
      <Filter>Header Files</Filter>
    </ClInclude>
    <ClInclude Include="C:\Users\issac\source\repos\OWA\Stormwater-Management-Model\src\solver\hash.h">
      <Filter>Header Files</Filter>
    </ClInclude>
    <ClInclude Include="C:\Users\issac\source\repos\OWA\Stormwater-Management-Model\src\solver\headers.h">
      <Filter>Header Files</Filter>
    </ClInclude>
    <ClInclude Include="C:\Users\issac\source\repos\OWA\Stormwater-Management-Model\src\solver\infil.h">
      <Filter>Header Files</Filter>
    </ClInclude>
    <ClInclude Include="C:\Users\issac\source\repos\OWA\Stormwater-Management-Model\src\solver\keywords.h">
      <Filter>Header Files</Filter>
    </ClInclude>
    <ClInclude Include="C:\Users\issac\source\repos\OWA\Stormwater-Management-Model\src\solver\lid.h">
      <Filter>Header Files</Filter>
    </ClInclude>
    <ClInclude Include="C:\Users\issac\source\repos\OWA\Stormwater-Management-Model\src\solver\macros.h">
      <Filter>Header Files</Filter>
    </ClInclude>
    <ClInclude Include="C:\Users\issac\source\repos\OWA\Stormwater-Management-Model\src\solver\mathexpr.h">
      <Filter>Header Files</Filter>
    </ClInclude>
    <ClInclude Include="C:\Users\issac\source\repos\OWA\Stormwater-Management-Model\src\solver\mempool.h">
      <Filter>Header Files</Filter>
    </ClInclude>
    <ClInclude Include="C:\Users\issac\source\repos\OWA\Stormwater-Management-Model\src\solver\objects.h">
      <Filter>Header Files</Filter>
    </ClInclude>
    <ClInclude Include="C:\Users\issac\source\repos\OWA\Stormwater-Management-Model\src\solver\odesolve.h">
      <Filter>Header Files</Filter>
    </ClInclude>
    <ClInclude Include="C:\Users\issac\source\repos\OWA\Stormwater-Management-Model\src\solver\text.h">
      <Filter>Header Files</Filter>
    </ClInclude>
    <ClInclude Include="C:\Users\issac\source\repos\OWA\Stormwater-Management-Model\src\solver\version.h">
      <Filter>Header Files</Filter>
    </ClInclude>
  </ItemGroup>
  <ItemGroup>
    <CustomBuild Include="C:\Users\issac\source\repos\OWA\Stormwater-Management-Model\src\solver\CMakeLists.txt" />
  </ItemGroup>
  <ItemGroup>
    <Object Include="C:\Users\issac\source\repos\OWA\Stormwater-Management-Model\buildprod\src\shared\shared_objs.dir\$(Configuration)\cstr_helper.obj">
      <Filter>Object Libraries</Filter>
    </Object>
  </ItemGroup>
  <ItemGroup>
    <Filter Include="Header Files">
      <UniqueIdentifier>{1CDFD692-E29B-35F7-A4F5-00A9229EFD6F}</UniqueIdentifier>
    </Filter>
    <Filter Include="Object Libraries">
      <UniqueIdentifier>{988543B5-AF6F-32B4-8E99-E3656E43A333}</UniqueIdentifier>
    </Filter>
    <Filter Include="Source Files">
      <UniqueIdentifier>{0BCB96ED-0D41-3B57-9B07-9B9BE00E8CBA}</UniqueIdentifier>
    </Filter>
  </ItemGroup>
</Project>
